// !$*UTF8*$!
{
	archiveVersion = 1;
	classes = {
	};
	objectVersion = 50;
	objects = {

/* Begin PBXBuildFile section */
		0E5A6E5E6E85F095AE312F76 /* Pods_Movies.framework in Frameworks */ = {isa = PBXBuildFile; fileRef = A688CC4D1AC38199B45F5641 /* Pods_Movies.framework */; };
		5B19329C2108CABE00B505AF /* AppDelegate.swift in Sources */ = {isa = PBXBuildFile; fileRef = 5B19329B2108CABE00B505AF /* AppDelegate.swift */; };
		5B1932A12108CABE00B505AF /* Main.storyboard in Resources */ = {isa = PBXBuildFile; fileRef = 5B19329F2108CABE00B505AF /* Main.storyboard */; };
		5B1932A32108CAC100B505AF /* Assets.xcassets in Resources */ = {isa = PBXBuildFile; fileRef = 5B1932A22108CAC100B505AF /* Assets.xcassets */; };
		5B1932A62108CAC100B505AF /* LaunchScreen.storyboard in Resources */ = {isa = PBXBuildFile; fileRef = 5B1932A42108CAC100B505AF /* LaunchScreen.storyboard */; };
		5B1932B12108CAC100B505AF /* MoviesTests.swift in Sources */ = {isa = PBXBuildFile; fileRef = 5B1932B02108CAC100B505AF /* MoviesTests.swift */; };
		5B1932BC2108CAC100B505AF /* MoviesUITests.swift in Sources */ = {isa = PBXBuildFile; fileRef = 5B1932BB2108CAC100B505AF /* MoviesUITests.swift */; };
		AE69CCC82111D73C007914BB /* MainViewController.swift in Sources */ = {isa = PBXBuildFile; fileRef = AE69CCC72111D73C007914BB /* MainViewController.swift */; };
		AE7C1BC72111E054000F34AA /* Movie.swift in Sources */ = {isa = PBXBuildFile; fileRef = AE7C1BC62111E054000F34AA /* Movie.swift */; };
		AE7C1BCA2111E25A000F34AA /* UrlFormatter.swift in Sources */ = {isa = PBXBuildFile; fileRef = AE7C1BC92111E25A000F34AA /* UrlFormatter.swift */; };
		AE7C1BCE2111E3F2000F34AA /* NetworkConnection.swift in Sources */ = {isa = PBXBuildFile; fileRef = AE7C1BCD2111E3F2000F34AA /* NetworkConnection.swift */; };
		AE7C1BD02111EF8C000F34AA /* Parser.swift in Sources */ = {isa = PBXBuildFile; fileRef = AE7C1BCF2111EF8C000F34AA /* Parser.swift */; };
		AE7C1BD22111F5DF000F34AA /* Movies.swift in Sources */ = {isa = PBXBuildFile; fileRef = AE7C1BD12111F5DF000F34AA /* Movies.swift */; };
		AE7C1C12211248BC000F34AA /* MovieController.swift in Sources */ = {isa = PBXBuildFile; fileRef = AE7C1C11211248BC000F34AA /* MovieController.swift */; };
		AE7C1C1421124B96000F34AA /* MovieTableViewCell.swift in Sources */ = {isa = PBXBuildFile; fileRef = AE7C1C1321124B96000F34AA /* MovieTableViewCell.swift */; };
		AE7C1C1721125A9A000F34AA /* MovieDetails.storyboard in Resources */ = {isa = PBXBuildFile; fileRef = AE7C1C1621125A9A000F34AA /* MovieDetails.storyboard */; };
		AE7C1C1921125B40000F34AA /* MovieDetailsViewController.swift in Sources */ = {isa = PBXBuildFile; fileRef = AE7C1C1821125B40000F34AA /* MovieDetailsViewController.swift */; };
		AE7C1C1B211278FD000F34AA /* MovieDetails.swift in Sources */ = {isa = PBXBuildFile; fileRef = AE7C1C1A211278FD000F34AA /* MovieDetails.swift */; };
		AE7C1C1D21127948000F34AA /* Rating.swift in Sources */ = {isa = PBXBuildFile; fileRef = AE7C1C1C21127948000F34AA /* Rating.swift */; };
		AE7C1C1F2114B52A000F34AA /* MovieDetailsHeaderTableViewCell.swift in Sources */ = {isa = PBXBuildFile; fileRef = AE7C1C1E2114B52A000F34AA /* MovieDetailsHeaderTableViewCell.swift */; };
		AE7C1C212114B544000F34AA /* MovieDetailsInfoTableViewCell.swift in Sources */ = {isa = PBXBuildFile; fileRef = AE7C1C202114B544000F34AA /* MovieDetailsInfoTableViewCell.swift */; };
		AE7C1C232114B556000F34AA /* MovieDetailsRatingTableViewCell.swift in Sources */ = {isa = PBXBuildFile; fileRef = AE7C1C222114B556000F34AA /* MovieDetailsRatingTableViewCell.swift */; };
		AE7C1C252114E966000F34AA /* Reachability.swift in Sources */ = {isa = PBXBuildFile; fileRef = AE7C1C242114E966000F34AA /* Reachability.swift */; };
/* End PBXBuildFile section */

/* Begin PBXContainerItemProxy section */
		5B1932AD2108CAC100B505AF /* PBXContainerItemProxy */ = {
			isa = PBXContainerItemProxy;
			containerPortal = 5B1932902108CABE00B505AF /* Project object */;
			proxyType = 1;
			remoteGlobalIDString = 5B1932972108CABE00B505AF;
			remoteInfo = Movies;
		};
		5B1932B82108CAC100B505AF /* PBXContainerItemProxy */ = {
			isa = PBXContainerItemProxy;
			containerPortal = 5B1932902108CABE00B505AF /* Project object */;
			proxyType = 1;
			remoteGlobalIDString = 5B1932972108CABE00B505AF;
			remoteInfo = Movies;
		};
/* End PBXContainerItemProxy section */

/* Begin PBXFileReference section */
		5B1932982108CABE00B505AF /* Movies.app */ = {isa = PBXFileReference; explicitFileType = wrapper.application; includeInIndex = 0; path = Movies.app; sourceTree = BUILT_PRODUCTS_DIR; };
		5B19329B2108CABE00B505AF /* AppDelegate.swift */ = {isa = PBXFileReference; lastKnownFileType = sourcecode.swift; path = AppDelegate.swift; sourceTree = "<group>"; };
		5B1932A02108CABE00B505AF /* Base */ = {isa = PBXFileReference; lastKnownFileType = file.storyboard; name = Base; path = Base.lproj/Main.storyboard; sourceTree = "<group>"; };
		5B1932A22108CAC100B505AF /* Assets.xcassets */ = {isa = PBXFileReference; lastKnownFileType = folder.assetcatalog; path = Assets.xcassets; sourceTree = "<group>"; };
		5B1932A52108CAC100B505AF /* Base */ = {isa = PBXFileReference; lastKnownFileType = file.storyboard; name = Base; path = Base.lproj/LaunchScreen.storyboard; sourceTree = "<group>"; };
		5B1932A72108CAC100B505AF /* Info.plist */ = {isa = PBXFileReference; lastKnownFileType = text.plist.xml; path = Info.plist; sourceTree = "<group>"; };
		5B1932AC2108CAC100B505AF /* MoviesTests.xctest */ = {isa = PBXFileReference; explicitFileType = wrapper.cfbundle; includeInIndex = 0; path = MoviesTests.xctest; sourceTree = BUILT_PRODUCTS_DIR; };
		5B1932B02108CAC100B505AF /* MoviesTests.swift */ = {isa = PBXFileReference; lastKnownFileType = sourcecode.swift; path = MoviesTests.swift; sourceTree = "<group>"; };
		5B1932B22108CAC100B505AF /* Info.plist */ = {isa = PBXFileReference; lastKnownFileType = text.plist.xml; path = Info.plist; sourceTree = "<group>"; };
		5B1932B72108CAC100B505AF /* MoviesUITests.xctest */ = {isa = PBXFileReference; explicitFileType = wrapper.cfbundle; includeInIndex = 0; path = MoviesUITests.xctest; sourceTree = BUILT_PRODUCTS_DIR; };
		5B1932BB2108CAC100B505AF /* MoviesUITests.swift */ = {isa = PBXFileReference; lastKnownFileType = sourcecode.swift; path = MoviesUITests.swift; sourceTree = "<group>"; };
		5B1932BD2108CAC100B505AF /* Info.plist */ = {isa = PBXFileReference; lastKnownFileType = text.plist.xml; path = Info.plist; sourceTree = "<group>"; };
		7483D8912D1B72B906E92D05 /* Pods_MoviesTests.framework */ = {isa = PBXFileReference; explicitFileType = wrapper.framework; includeInIndex = 0; path = Pods_MoviesTests.framework; sourceTree = BUILT_PRODUCTS_DIR; };
		872F07BAFA4137AC509D28C4 /* Pods-Movies.release.xcconfig */ = {isa = PBXFileReference; includeInIndex = 1; lastKnownFileType = text.xcconfig; name = "Pods-Movies.release.xcconfig"; path = "Pods/Target Support Files/Pods-Movies/Pods-Movies.release.xcconfig"; sourceTree = "<group>"; };
		96A4D8DCF1CE3E268F102B99 /* Pods-Movies.debug.xcconfig */ = {isa = PBXFileReference; includeInIndex = 1; lastKnownFileType = text.xcconfig; name = "Pods-Movies.debug.xcconfig"; path = "Pods/Target Support Files/Pods-Movies/Pods-Movies.debug.xcconfig"; sourceTree = "<group>"; };
		A688CC4D1AC38199B45F5641 /* Pods_Movies.framework */ = {isa = PBXFileReference; explicitFileType = wrapper.framework; includeInIndex = 0; path = Pods_Movies.framework; sourceTree = BUILT_PRODUCTS_DIR; };
		AA8BCE1ADF4B45C358F61EF9 /* Pods_MoviesUITests.framework */ = {isa = PBXFileReference; explicitFileType = wrapper.framework; includeInIndex = 0; path = Pods_MoviesUITests.framework; sourceTree = BUILT_PRODUCTS_DIR; };
		AE69CCC72111D73C007914BB /* MainViewController.swift */ = {isa = PBXFileReference; lastKnownFileType = sourcecode.swift; path = MainViewController.swift; sourceTree = "<group>"; };
		AE7C1BC62111E054000F34AA /* Movie.swift */ = {isa = PBXFileReference; lastKnownFileType = sourcecode.swift; path = Movie.swift; sourceTree = "<group>"; };
		AE7C1BC92111E25A000F34AA /* UrlFormatter.swift */ = {isa = PBXFileReference; lastKnownFileType = sourcecode.swift; path = UrlFormatter.swift; sourceTree = "<group>"; };
		AE7C1BCD2111E3F2000F34AA /* NetworkConnection.swift */ = {isa = PBXFileReference; lastKnownFileType = sourcecode.swift; path = NetworkConnection.swift; sourceTree = "<group>"; };
		AE7C1BCF2111EF8C000F34AA /* Parser.swift */ = {isa = PBXFileReference; lastKnownFileType = sourcecode.swift; path = Parser.swift; sourceTree = "<group>"; };
		AE7C1BD12111F5DF000F34AA /* Movies.swift */ = {isa = PBXFileReference; lastKnownFileType = sourcecode.swift; path = Movies.swift; sourceTree = "<group>"; };
		AE7C1C11211248BC000F34AA /* MovieController.swift */ = {isa = PBXFileReference; lastKnownFileType = sourcecode.swift; path = MovieController.swift; sourceTree = "<group>"; };
		AE7C1C1321124B96000F34AA /* MovieTableViewCell.swift */ = {isa = PBXFileReference; lastKnownFileType = sourcecode.swift; path = MovieTableViewCell.swift; sourceTree = "<group>"; };
		AE7C1C1621125A9A000F34AA /* MovieDetails.storyboard */ = {isa = PBXFileReference; lastKnownFileType = file.storyboard; path = MovieDetails.storyboard; sourceTree = "<group>"; };
		AE7C1C1821125B40000F34AA /* MovieDetailsViewController.swift */ = {isa = PBXFileReference; lastKnownFileType = sourcecode.swift; path = MovieDetailsViewController.swift; sourceTree = "<group>"; };
		AE7C1C1A211278FD000F34AA /* MovieDetails.swift */ = {isa = PBXFileReference; lastKnownFileType = sourcecode.swift; path = MovieDetails.swift; sourceTree = "<group>"; };
		AE7C1C1C21127948000F34AA /* Rating.swift */ = {isa = PBXFileReference; lastKnownFileType = sourcecode.swift; path = Rating.swift; sourceTree = "<group>"; };
		AE7C1C1E2114B52A000F34AA /* MovieDetailsHeaderTableViewCell.swift */ = {isa = PBXFileReference; lastKnownFileType = sourcecode.swift; path = MovieDetailsHeaderTableViewCell.swift; sourceTree = "<group>"; };
		AE7C1C202114B544000F34AA /* MovieDetailsInfoTableViewCell.swift */ = {isa = PBXFileReference; lastKnownFileType = sourcecode.swift; path = MovieDetailsInfoTableViewCell.swift; sourceTree = "<group>"; };
		AE7C1C222114B556000F34AA /* MovieDetailsRatingTableViewCell.swift */ = {isa = PBXFileReference; lastKnownFileType = sourcecode.swift; path = MovieDetailsRatingTableViewCell.swift; sourceTree = "<group>"; };
		AE7C1C242114E966000F34AA /* Reachability.swift */ = {isa = PBXFileReference; lastKnownFileType = sourcecode.swift; path = Reachability.swift; sourceTree = "<group>"; };
/* End PBXFileReference section */

/* Begin PBXFrameworksBuildPhase section */
		5B1932952108CABE00B505AF /* Frameworks */ = {
			isa = PBXFrameworksBuildPhase;
			buildActionMask = 2147483647;
			files = (
				0E5A6E5E6E85F095AE312F76 /* Pods_Movies.framework in Frameworks */,
			);
			runOnlyForDeploymentPostprocessing = 0;
		};
		5B1932A92108CAC100B505AF /* Frameworks */ = {
			isa = PBXFrameworksBuildPhase;
			buildActionMask = 2147483647;
			files = (
			);
			runOnlyForDeploymentPostprocessing = 0;
		};
		5B1932B42108CAC100B505AF /* Frameworks */ = {
			isa = PBXFrameworksBuildPhase;
			buildActionMask = 2147483647;
			files = (
			);
			runOnlyForDeploymentPostprocessing = 0;
		};
/* End PBXFrameworksBuildPhase section */

/* Begin PBXGroup section */
		1CD5754854471828C20B56EA /* Frameworks */ = {
			isa = PBXGroup;
			children = (
				A688CC4D1AC38199B45F5641 /* Pods_Movies.framework */,
				7483D8912D1B72B906E92D05 /* Pods_MoviesTests.framework */,
				AA8BCE1ADF4B45C358F61EF9 /* Pods_MoviesUITests.framework */,
			);
			name = Frameworks;
			sourceTree = "<group>";
		};
		5B19328F2108CABE00B505AF = {
			isa = PBXGroup;
			children = (
				5B19329A2108CABE00B505AF /* Movies */,
				5B1932AF2108CAC100B505AF /* MoviesTests */,
				5B1932BA2108CAC100B505AF /* MoviesUITests */,
				5B1932992108CABE00B505AF /* Products */,
				C92FFA454C6F286FEA093EE6 /* Pods */,
				1CD5754854471828C20B56EA /* Frameworks */,
			);
			sourceTree = "<group>";
		};
		5B1932992108CABE00B505AF /* Products */ = {
			isa = PBXGroup;
			children = (
				5B1932982108CABE00B505AF /* Movies.app */,
				5B1932AC2108CAC100B505AF /* MoviesTests.xctest */,
				5B1932B72108CAC100B505AF /* MoviesUITests.xctest */,
			);
			name = Products;
			sourceTree = "<group>";
		};
		5B19329A2108CABE00B505AF /* Movies */ = {
			isa = PBXGroup;
			children = (
				5B19329B2108CABE00B505AF /* AppDelegate.swift */,
				AE7C1BC82111E22F000F34AA /* Utilities */,
				AE69CCCA2111D7AB007914BB /* Model */,
				AE69CCCB2111D7C1007914BB /* Service */,
				AE69CCCC2111D7D1007914BB /* Controller */,
				AE69CCCD2111D7DF007914BB /* View */,
				5B1932A22108CAC100B505AF /* Assets.xcassets */,
				5B1932A72108CAC100B505AF /* Info.plist */,
			);
			path = Movies;
			sourceTree = "<group>";
		};
		5B1932AF2108CAC100B505AF /* MoviesTests */ = {
			isa = PBXGroup;
			children = (
				5B1932B02108CAC100B505AF /* MoviesTests.swift */,
				5B1932B22108CAC100B505AF /* Info.plist */,
			);
			path = MoviesTests;
			sourceTree = "<group>";
		};
		5B1932BA2108CAC100B505AF /* MoviesUITests */ = {
			isa = PBXGroup;
			children = (
				5B1932BB2108CAC100B505AF /* MoviesUITests.swift */,
				5B1932BD2108CAC100B505AF /* Info.plist */,
			);
			path = MoviesUITests;
			sourceTree = "<group>";
		};
		AE69CCCA2111D7AB007914BB /* Model */ = {
			isa = PBXGroup;
			children = (
				AE7C1BC62111E054000F34AA /* Movie.swift */,
				AE7C1BD12111F5DF000F34AA /* Movies.swift */,
				AE7C1C1A211278FD000F34AA /* MovieDetails.swift */,
				AE7C1C1C21127948000F34AA /* Rating.swift */,
			);
			path = Model;
			sourceTree = "<group>";
		};
		AE69CCCB2111D7C1007914BB /* Service */ = {
			isa = PBXGroup;
			children = (
				AE7C1BCD2111E3F2000F34AA /* NetworkConnection.swift */,
				AE7C1BCF2111EF8C000F34AA /* Parser.swift */,
				AE7C1C11211248BC000F34AA /* MovieController.swift */,
			);
			path = Service;
			sourceTree = "<group>";
		};
		AE69CCCC2111D7D1007914BB /* Controller */ = {
			isa = PBXGroup;
			children = (
				AE7C1C1521124B9C000F34AA /* Cell */,
				AE69CCC72111D73C007914BB /* MainViewController.swift */,
				AE7C1C1821125B40000F34AA /* MovieDetailsViewController.swift */,
			);
			path = Controller;
			sourceTree = "<group>";
		};
		AE69CCCD2111D7DF007914BB /* View */ = {
			isa = PBXGroup;
			children = (
				5B19329F2108CABE00B505AF /* Main.storyboard */,
				AE7C1C1621125A9A000F34AA /* MovieDetails.storyboard */,
				5B1932A42108CAC100B505AF /* LaunchScreen.storyboard */,
			);
			path = View;
			sourceTree = "<group>";
		};
		AE7C1BC82111E22F000F34AA /* Utilities */ = {
			isa = PBXGroup;
			children = (
				AE7C1BC92111E25A000F34AA /* UrlFormatter.swift */,
				AE7C1C242114E966000F34AA /* Reachability.swift */,
			);
			path = Utilities;
			sourceTree = "<group>";
		};
		AE7C1C1521124B9C000F34AA /* Cell */ = {
			isa = PBXGroup;
			children = (
				AE7C1C1321124B96000F34AA /* MovieTableViewCell.swift */,
				AE7C1C1E2114B52A000F34AA /* MovieDetailsHeaderTableViewCell.swift */,
				AE7C1C202114B544000F34AA /* MovieDetailsInfoTableViewCell.swift */,
				AE7C1C222114B556000F34AA /* MovieDetailsRatingTableViewCell.swift */,
			);
			path = Cell;
			sourceTree = "<group>";
		};
		C92FFA454C6F286FEA093EE6 /* Pods */ = {
			isa = PBXGroup;
			children = (
				96A4D8DCF1CE3E268F102B99 /* Pods-Movies.debug.xcconfig */,
				872F07BAFA4137AC509D28C4 /* Pods-Movies.release.xcconfig */,
			);
			name = Pods;
			sourceTree = "<group>";
		};
/* End PBXGroup section */

/* Begin PBXNativeTarget section */
		5B1932972108CABE00B505AF /* Movies */ = {
			isa = PBXNativeTarget;
			buildConfigurationList = 5B1932C02108CAC100B505AF /* Build configuration list for PBXNativeTarget "Movies" */;
			buildPhases = (
				5C5E265A48B87404144316CD /* [CP] Check Pods Manifest.lock */,
				5B1932942108CABE00B505AF /* Sources */,
				5B1932952108CABE00B505AF /* Frameworks */,
				5B1932962108CABE00B505AF /* Resources */,
				5B1932C92108CC2D00B505AF /* ShellScript */,
			);
			buildRules = (
			);
			dependencies = (
			);
			name = Movies;
			productName = Movies;
			productReference = 5B1932982108CABE00B505AF /* Movies.app */;
			productType = "com.apple.product-type.application";
		};
		5B1932AB2108CAC100B505AF /* MoviesTests */ = {
			isa = PBXNativeTarget;
			buildConfigurationList = 5B1932C32108CAC100B505AF /* Build configuration list for PBXNativeTarget "MoviesTests" */;
			buildPhases = (
				5B1932A82108CAC100B505AF /* Sources */,
				5B1932A92108CAC100B505AF /* Frameworks */,
				5B1932AA2108CAC100B505AF /* Resources */,
			);
			buildRules = (
			);
			dependencies = (
				5B1932AE2108CAC100B505AF /* PBXTargetDependency */,
			);
			name = MoviesTests;
			productName = MoviesTests;
			productReference = 5B1932AC2108CAC100B505AF /* MoviesTests.xctest */;
			productType = "com.apple.product-type.bundle.unit-test";
		};
		5B1932B62108CAC100B505AF /* MoviesUITests */ = {
			isa = PBXNativeTarget;
			buildConfigurationList = 5B1932C62108CAC100B505AF /* Build configuration list for PBXNativeTarget "MoviesUITests" */;
			buildPhases = (
				5B1932B32108CAC100B505AF /* Sources */,
				5B1932B42108CAC100B505AF /* Frameworks */,
				5B1932B52108CAC100B505AF /* Resources */,
			);
			buildRules = (
			);
			dependencies = (
				5B1932B92108CAC100B505AF /* PBXTargetDependency */,
			);
			name = MoviesUITests;
			productName = MoviesUITests;
			productReference = 5B1932B72108CAC100B505AF /* MoviesUITests.xctest */;
			productType = "com.apple.product-type.bundle.ui-testing";
		};
/* End PBXNativeTarget section */

/* Begin PBXProject section */
		5B1932902108CABE00B505AF /* Project object */ = {
			isa = PBXProject;
			attributes = {
				LastSwiftUpdateCheck = 0940;
				LastUpgradeCheck = 0940;
				ORGANIZATIONNAME = "poppin 2018";
				TargetAttributes = {
					5B1932972108CABE00B505AF = {
						CreatedOnToolsVersion = 9.4.1;
					};
					5B1932AB2108CAC100B505AF = {
						CreatedOnToolsVersion = 9.4.1;
						TestTargetID = 5B1932972108CABE00B505AF;
					};
					5B1932B62108CAC100B505AF = {
						CreatedOnToolsVersion = 9.4.1;
						TestTargetID = 5B1932972108CABE00B505AF;
					};
				};
			};
			buildConfigurationList = 5B1932932108CABE00B505AF /* Build configuration list for PBXProject "Movies" */;
			compatibilityVersion = "Xcode 9.3";
			developmentRegion = en;
			hasScannedForEncodings = 0;
			knownRegions = (
				en,
				Base,
			);
			mainGroup = 5B19328F2108CABE00B505AF;
			productRefGroup = 5B1932992108CABE00B505AF /* Products */;
			projectDirPath = "";
			projectRoot = "";
			targets = (
				5B1932972108CABE00B505AF /* Movies */,
				5B1932AB2108CAC100B505AF /* MoviesTests */,
				5B1932B62108CAC100B505AF /* MoviesUITests */,
			);
		};
/* End PBXProject section */

/* Begin PBXResourcesBuildPhase section */
		5B1932962108CABE00B505AF /* Resources */ = {
			isa = PBXResourcesBuildPhase;
			buildActionMask = 2147483647;
			files = (
				AE7C1C1721125A9A000F34AA /* MovieDetails.storyboard in Resources */,
				5B1932A62108CAC100B505AF /* LaunchScreen.storyboard in Resources */,
				5B1932A32108CAC100B505AF /* Assets.xcassets in Resources */,
				5B1932A12108CABE00B505AF /* Main.storyboard in Resources */,
			);
			runOnlyForDeploymentPostprocessing = 0;
		};
		5B1932AA2108CAC100B505AF /* Resources */ = {
			isa = PBXResourcesBuildPhase;
			buildActionMask = 2147483647;
			files = (
			);
			runOnlyForDeploymentPostprocessing = 0;
		};
		5B1932B52108CAC100B505AF /* Resources */ = {
			isa = PBXResourcesBuildPhase;
			buildActionMask = 2147483647;
			files = (
			);
			runOnlyForDeploymentPostprocessing = 0;
		};
/* End PBXResourcesBuildPhase section */

/* Begin PBXShellScriptBuildPhase section */
		5B1932C92108CC2D00B505AF /* ShellScript */ = {
			isa = PBXShellScriptBuildPhase;
			buildActionMask = 2147483647;
			files = (
			);
			inputPaths = (
			);
			outputPaths = (
			);
			runOnlyForDeploymentPostprocessing = 0;
			shellPath = /bin/sh;
			shellScript = "\"${PODS_ROOT}/SwiftLint/swiftlint\"";
		};
		5C5E265A48B87404144316CD /* [CP] Check Pods Manifest.lock */ = {
			isa = PBXShellScriptBuildPhase;
			buildActionMask = 2147483647;
			files = (
			);
			inputPaths = (
				"${PODS_PODFILE_DIR_PATH}/Podfile.lock",
				"${PODS_ROOT}/Manifest.lock",
			);
			name = "[CP] Check Pods Manifest.lock";
			outputPaths = (
				"$(DERIVED_FILE_DIR)/Pods-Movies-checkManifestLockResult.txt",
			);
			runOnlyForDeploymentPostprocessing = 0;
			shellPath = /bin/sh;
			shellScript = "diff \"${PODS_PODFILE_DIR_PATH}/Podfile.lock\" \"${PODS_ROOT}/Manifest.lock\" > /dev/null\nif [ $? != 0 ] ; then\n    # print error to STDERR\n    echo \"error: The sandbox is not in sync with the Podfile.lock. Run 'pod install' or update your CocoaPods installation.\" >&2\n    exit 1\nfi\n# This output is used by Xcode 'outputs' to avoid re-running this script phase.\necho \"SUCCESS\" > \"${SCRIPT_OUTPUT_FILE_0}\"\n";
			showEnvVarsInLog = 0;
		};
/* End PBXShellScriptBuildPhase section */

/* Begin PBXSourcesBuildPhase section */
		5B1932942108CABE00B505AF /* Sources */ = {
			isa = PBXSourcesBuildPhase;
			buildActionMask = 2147483647;
			files = (
				AE7C1C1D21127948000F34AA /* Rating.swift in Sources */,
				AE7C1C1921125B40000F34AA /* MovieDetailsViewController.swift in Sources */,
				AE7C1BD22111F5DF000F34AA /* Movies.swift in Sources */,
				AE7C1BCA2111E25A000F34AA /* UrlFormatter.swift in Sources */,
				AE7C1C1421124B96000F34AA /* MovieTableViewCell.swift in Sources */,
				AE7C1BCE2111E3F2000F34AA /* NetworkConnection.swift in Sources */,
				AE7C1C1B211278FD000F34AA /* MovieDetails.swift in Sources */,
				AE7C1C1F2114B52A000F34AA /* MovieDetailsHeaderTableViewCell.swift in Sources */,
				AE7C1BD02111EF8C000F34AA /* Parser.swift in Sources */,
				AE7C1C212114B544000F34AA /* MovieDetailsInfoTableViewCell.swift in Sources */,
				AE7C1C12211248BC000F34AA /* MovieController.swift in Sources */,
				5B19329C2108CABE00B505AF /* AppDelegate.swift in Sources */,
				AE69CCC82111D73C007914BB /* MainViewController.swift in Sources */,
				AE7C1C232114B556000F34AA /* MovieDetailsRatingTableViewCell.swift in Sources */,
				AE7C1C252114E966000F34AA /* Reachability.swift in Sources */,
				AE7C1BC72111E054000F34AA /* Movie.swift in Sources */,
			);
			runOnlyForDeploymentPostprocessing = 0;
		};
		5B1932A82108CAC100B505AF /* Sources */ = {
			isa = PBXSourcesBuildPhase;
			buildActionMask = 2147483647;
			files = (
				5B1932B12108CAC100B505AF /* MoviesTests.swift in Sources */,
			);
			runOnlyForDeploymentPostprocessing = 0;
		};
		5B1932B32108CAC100B505AF /* Sources */ = {
			isa = PBXSourcesBuildPhase;
			buildActionMask = 2147483647;
			files = (
				5B1932BC2108CAC100B505AF /* MoviesUITests.swift in Sources */,
			);
			runOnlyForDeploymentPostprocessing = 0;
		};
/* End PBXSourcesBuildPhase section */

/* Begin PBXTargetDependency section */
		5B1932AE2108CAC100B505AF /* PBXTargetDependency */ = {
			isa = PBXTargetDependency;
			target = 5B1932972108CABE00B505AF /* Movies */;
			targetProxy = 5B1932AD2108CAC100B505AF /* PBXContainerItemProxy */;
		};
		5B1932B92108CAC100B505AF /* PBXTargetDependency */ = {
			isa = PBXTargetDependency;
			target = 5B1932972108CABE00B505AF /* Movies */;
			targetProxy = 5B1932B82108CAC100B505AF /* PBXContainerItemProxy */;
		};
/* End PBXTargetDependency section */

/* Begin PBXVariantGroup section */
		5B19329F2108CABE00B505AF /* Main.storyboard */ = {
			isa = PBXVariantGroup;
			children = (
				5B1932A02108CABE00B505AF /* Base */,
			);
			name = Main.storyboard;
			sourceTree = "<group>";
		};
		5B1932A42108CAC100B505AF /* LaunchScreen.storyboard */ = {
			isa = PBXVariantGroup;
			children = (
				5B1932A52108CAC100B505AF /* Base */,
			);
			name = LaunchScreen.storyboard;
			sourceTree = "<group>";
		};
/* End PBXVariantGroup section */

/* Begin XCBuildConfiguration section */
		5B1932BE2108CAC100B505AF /* Debug */ = {
			isa = XCBuildConfiguration;
			buildSettings = {
				ALWAYS_SEARCH_USER_PATHS = NO;
				CLANG_ANALYZER_NONNULL = YES;
				CLANG_ANALYZER_NUMBER_OBJECT_CONVERSION = YES_AGGRESSIVE;
				CLANG_CXX_LANGUAGE_STANDARD = "gnu++14";
				CLANG_CXX_LIBRARY = "libc++";
				CLANG_ENABLE_MODULES = YES;
				CLANG_ENABLE_OBJC_ARC = YES;
				CLANG_ENABLE_OBJC_WEAK = YES;
				CLANG_WARN_BLOCK_CAPTURE_AUTORELEASING = YES;
				CLANG_WARN_BOOL_CONVERSION = YES;
				CLANG_WARN_COMMA = YES;
				CLANG_WARN_CONSTANT_CONVERSION = YES;
				CLANG_WARN_DEPRECATED_OBJC_IMPLEMENTATIONS = YES;
				CLANG_WARN_DIRECT_OBJC_ISA_USAGE = YES_ERROR;
				CLANG_WARN_DOCUMENTATION_COMMENTS = YES;
				CLANG_WARN_EMPTY_BODY = YES;
				CLANG_WARN_ENUM_CONVERSION = YES;
				CLANG_WARN_INFINITE_RECURSION = YES;
				CLANG_WARN_INT_CONVERSION = YES;
				CLANG_WARN_NON_LITERAL_NULL_CONVERSION = YES;
				CLANG_WARN_OBJC_IMPLICIT_RETAIN_SELF = YES;
				CLANG_WARN_OBJC_LITERAL_CONVERSION = YES;
				CLANG_WARN_OBJC_ROOT_CLASS = YES_ERROR;
				CLANG_WARN_RANGE_LOOP_ANALYSIS = YES;
				CLANG_WARN_STRICT_PROTOTYPES = YES;
				CLANG_WARN_SUSPICIOUS_MOVE = YES;
				CLANG_WARN_UNGUARDED_AVAILABILITY = YES_AGGRESSIVE;
				CLANG_WARN_UNREACHABLE_CODE = YES;
				CLANG_WARN__DUPLICATE_METHOD_MATCH = YES;
				CODE_SIGN_IDENTITY = "iPhone Developer";
				COPY_PHASE_STRIP = NO;
				DEBUG_INFORMATION_FORMAT = dwarf;
				ENABLE_STRICT_OBJC_MSGSEND = YES;
				ENABLE_TESTABILITY = YES;
				GCC_C_LANGUAGE_STANDARD = gnu11;
				GCC_DYNAMIC_NO_PIC = NO;
				GCC_NO_COMMON_BLOCKS = YES;
				GCC_OPTIMIZATION_LEVEL = 0;
				GCC_PREPROCESSOR_DEFINITIONS = (
					"DEBUG=1",
					"$(inherited)",
				);
				GCC_WARN_64_TO_32_BIT_CONVERSION = YES;
				GCC_WARN_ABOUT_RETURN_TYPE = YES_ERROR;
				GCC_WARN_UNDECLARED_SELECTOR = YES;
				GCC_WARN_UNINITIALIZED_AUTOS = YES_AGGRESSIVE;
				GCC_WARN_UNUSED_FUNCTION = YES;
				GCC_WARN_UNUSED_VARIABLE = YES;
				IPHONEOS_DEPLOYMENT_TARGET = 11.4;
				MTL_ENABLE_DEBUG_INFO = YES;
				ONLY_ACTIVE_ARCH = YES;
				SDKROOT = iphoneos;
				SWIFT_ACTIVE_COMPILATION_CONDITIONS = DEBUG;
				SWIFT_OPTIMIZATION_LEVEL = "-Onone";
			};
			name = Debug;
		};
		5B1932BF2108CAC100B505AF /* Release */ = {
			isa = XCBuildConfiguration;
			buildSettings = {
				ALWAYS_SEARCH_USER_PATHS = NO;
				CLANG_ANALYZER_NONNULL = YES;
				CLANG_ANALYZER_NUMBER_OBJECT_CONVERSION = YES_AGGRESSIVE;
				CLANG_CXX_LANGUAGE_STANDARD = "gnu++14";
				CLANG_CXX_LIBRARY = "libc++";
				CLANG_ENABLE_MODULES = YES;
				CLANG_ENABLE_OBJC_ARC = YES;
				CLANG_ENABLE_OBJC_WEAK = YES;
				CLANG_WARN_BLOCK_CAPTURE_AUTORELEASING = YES;
				CLANG_WARN_BOOL_CONVERSION = YES;
				CLANG_WARN_COMMA = YES;
				CLANG_WARN_CONSTANT_CONVERSION = YES;
				CLANG_WARN_DEPRECATED_OBJC_IMPLEMENTATIONS = YES;
				CLANG_WARN_DIRECT_OBJC_ISA_USAGE = YES_ERROR;
				CLANG_WARN_DOCUMENTATION_COMMENTS = YES;
				CLANG_WARN_EMPTY_BODY = YES;
				CLANG_WARN_ENUM_CONVERSION = YES;
				CLANG_WARN_INFINITE_RECURSION = YES;
				CLANG_WARN_INT_CONVERSION = YES;
				CLANG_WARN_NON_LITERAL_NULL_CONVERSION = YES;
				CLANG_WARN_OBJC_IMPLICIT_RETAIN_SELF = YES;
				CLANG_WARN_OBJC_LITERAL_CONVERSION = YES;
				CLANG_WARN_OBJC_ROOT_CLASS = YES_ERROR;
				CLANG_WARN_RANGE_LOOP_ANALYSIS = YES;
				CLANG_WARN_STRICT_PROTOTYPES = YES;
				CLANG_WARN_SUSPICIOUS_MOVE = YES;
				CLANG_WARN_UNGUARDED_AVAILABILITY = YES_AGGRESSIVE;
				CLANG_WARN_UNREACHABLE_CODE = YES;
				CLANG_WARN__DUPLICATE_METHOD_MATCH = YES;
				CODE_SIGN_IDENTITY = "iPhone Developer";
				COPY_PHASE_STRIP = NO;
				DEBUG_INFORMATION_FORMAT = "dwarf-with-dsym";
				ENABLE_NS_ASSERTIONS = NO;
				ENABLE_STRICT_OBJC_MSGSEND = YES;
				GCC_C_LANGUAGE_STANDARD = gnu11;
				GCC_NO_COMMON_BLOCKS = YES;
				GCC_WARN_64_TO_32_BIT_CONVERSION = YES;
				GCC_WARN_ABOUT_RETURN_TYPE = YES_ERROR;
				GCC_WARN_UNDECLARED_SELECTOR = YES;
				GCC_WARN_UNINITIALIZED_AUTOS = YES_AGGRESSIVE;
				GCC_WARN_UNUSED_FUNCTION = YES;
				GCC_WARN_UNUSED_VARIABLE = YES;
				IPHONEOS_DEPLOYMENT_TARGET = 11.4;
				MTL_ENABLE_DEBUG_INFO = NO;
				SDKROOT = iphoneos;
				SWIFT_COMPILATION_MODE = wholemodule;
				SWIFT_OPTIMIZATION_LEVEL = "-O";
				VALIDATE_PRODUCT = YES;
			};
			name = Release;
		};
		5B1932C12108CAC100B505AF /* Debug */ = {
			isa = XCBuildConfiguration;
			baseConfigurationReference = 96A4D8DCF1CE3E268F102B99 /* Pods-Movies.debug.xcconfig */;
			buildSettings = {
				ASSETCATALOG_COMPILER_APPICON_NAME = AppIcon;
				CLANG_WARN_SUSPICIOUS_IMPLICIT_CONVERSION = YES;
				CODE_SIGN_STYLE = Automatic;
				DEVELOPMENT_TEAM = 3W69VTQXGX;
				GCC_WARN_ABOUT_MISSING_FIELD_INITIALIZERS = YES;
				GCC_WARN_STRICT_SELECTOR_MATCH = YES;
				GCC_WARN_UNKNOWN_PRAGMAS = YES;
				GCC_WARN_UNUSED_LABEL = YES;
				GCC_WARN_UNUSED_PARAMETER = YES;
				INFOPLIST_FILE = Movies/Info.plist;
				LD_RUNPATH_SEARCH_PATHS = (
					"$(inherited)",
					"@executable_path/Frameworks",
				);
				PRODUCT_BUNDLE_IDENTIFIER = com.devnup.Poppin.Movies;
				PRODUCT_NAME = "$(TARGET_NAME)";
				SWIFT_VERSION = 4.0;
				TARGETED_DEVICE_FAMILY = "1,2";
			};
			name = Debug;
		};
		5B1932C22108CAC100B505AF /* Release */ = {
			isa = XCBuildConfiguration;
			baseConfigurationReference = 872F07BAFA4137AC509D28C4 /* Pods-Movies.release.xcconfig */;
			buildSettings = {
				ASSETCATALOG_COMPILER_APPICON_NAME = AppIcon;
				CLANG_WARN_SUSPICIOUS_IMPLICIT_CONVERSION = YES;
				CODE_SIGN_STYLE = Automatic;
				DEVELOPMENT_TEAM = 3W69VTQXGX;
				GCC_WARN_ABOUT_MISSING_FIELD_INITIALIZERS = YES;
				GCC_WARN_STRICT_SELECTOR_MATCH = YES;
				GCC_WARN_UNKNOWN_PRAGMAS = YES;
				GCC_WARN_UNUSED_LABEL = YES;
				GCC_WARN_UNUSED_PARAMETER = YES;
				INFOPLIST_FILE = Movies/Info.plist;
				LD_RUNPATH_SEARCH_PATHS = (
					"$(inherited)",
					"@executable_path/Frameworks",
				);
				PRODUCT_BUNDLE_IDENTIFIER = com.devnup.Poppin.Movies;
				PRODUCT_NAME = "$(TARGET_NAME)";
				SWIFT_VERSION = 4.0;
				TARGETED_DEVICE_FAMILY = "1,2";
			};
			name = Release;
		};
		5B1932C42108CAC100B505AF /* Debug */ = {
			isa = XCBuildConfiguration;
			buildSettings = {
				ALWAYS_EMBED_SWIFT_STANDARD_LIBRARIES = YES;
				BUNDLE_LOADER = "$(TEST_HOST)";
				CODE_SIGN_STYLE = Automatic;
				DEVELOPMENT_TEAM = 3W69VTQXGX;
				INFOPLIST_FILE = MoviesTests/Info.plist;
				LD_RUNPATH_SEARCH_PATHS = (
					"$(inherited)",
					"@executable_path/Frameworks",
					"@loader_path/Frameworks",
				);
				PRODUCT_BUNDLE_IDENTIFIER = com.devnup.Poppin.MoviesTests;
				PRODUCT_NAME = "$(TARGET_NAME)";
				SWIFT_VERSION = 4.0;
				TARGETED_DEVICE_FAMILY = "1,2";
				TEST_HOST = "$(BUILT_PRODUCTS_DIR)/Movies.app/Movies";
			};
			name = Debug;
		};
		5B1932C52108CAC100B505AF /* Release */ = {
			isa = XCBuildConfiguration;
			buildSettings = {
				ALWAYS_EMBED_SWIFT_STANDARD_LIBRARIES = YES;
				BUNDLE_LOADER = "$(TEST_HOST)";
				CODE_SIGN_STYLE = Automatic;
				DEVELOPMENT_TEAM = 3W69VTQXGX;
				INFOPLIST_FILE = MoviesTests/Info.plist;
				LD_RUNPATH_SEARCH_PATHS = (
					"$(inherited)",
					"@executable_path/Frameworks",
					"@loader_path/Frameworks",
				);
				PRODUCT_BUNDLE_IDENTIFIER = com.devnup.Poppin.MoviesTests;
				PRODUCT_NAME = "$(TARGET_NAME)";
				SWIFT_VERSION = 4.0;
				TARGETED_DEVICE_FAMILY = "1,2";
				TEST_HOST = "$(BUILT_PRODUCTS_DIR)/Movies.app/Movies";
			};
			name = Release;
		};
		5B1932C72108CAC100B505AF /* Debug */ = {
			isa = XCBuildConfiguration;
			buildSettings = {
				ALWAYS_EMBED_SWIFT_STANDARD_LIBRARIES = YES;
				CODE_SIGN_STYLE = Automatic;
				DEVELOPMENT_TEAM = 3W69VTQXGX;
				INFOPLIST_FILE = MoviesUITests/Info.plist;
				LD_RUNPATH_SEARCH_PATHS = (
					"$(inherited)",
					"@executable_path/Frameworks",
					"@loader_path/Frameworks",
				);
				PRODUCT_BUNDLE_IDENTIFIER = com.devnup.Poppin.MoviesUITests;
				PRODUCT_NAME = "$(TARGET_NAME)";
				SWIFT_VERSION = 4.0;
				TARGETED_DEVICE_FAMILY = "1,2";
				TEST_TARGET_NAME = Movies;
			};
			name = Debug;
		};
		5B1932C82108CAC100B505AF /* Release */ = {
			isa = XCBuildConfiguration;
			buildSettings = {
				ALWAYS_EMBED_SWIFT_STANDARD_LIBRARIES = YES;
				CODE_SIGN_STYLE = Automatic;
				DEVELOPMENT_TEAM = 3W69VTQXGX;
				INFOPLIST_FILE = MoviesUITests/Info.plist;
				LD_RUNPATH_SEARCH_PATHS = (
					"$(inherited)",
					"@executable_path/Frameworks",
					"@loader_path/Frameworks",
				);
				PRODUCT_BUNDLE_IDENTIFIER = com.devnup.Poppin.MoviesUITests;
				PRODUCT_NAME = "$(TARGET_NAME)";
				SWIFT_VERSION = 4.0;
				TARGETED_DEVICE_FAMILY = "1,2";
				TEST_TARGET_NAME = Movies;
			};
			name = Release;
		};
/* End XCBuildConfiguration section */

/* Begin XCConfigurationList section */
		5B1932932108CABE00B505AF /* Build configuration list for PBXProject "Movies" */ = {
			isa = XCConfigurationList;
			buildConfigurations = (
				5B1932BE2108CAC100B505AF /* Debug */,
				5B1932BF2108CAC100B505AF /* Release */,
			);
			defaultConfigurationIsVisible = 0;
			defaultConfigurationName = Release;
		};
		5B1932C02108CAC100B505AF /* Build configuration list for PBXNativeTarget "Movies" */ = {
			isa = XCConfigurationList;
			buildConfigurations = (
				5B1932C12108CAC100B505AF /* Debug */,
				5B1932C22108CAC100B505AF /* Release */,
			);
			defaultConfigurationIsVisible = 0;
			defaultConfigurationName = Release;
		};
		5B1932C32108CAC100B505AF /* Build configuration list for PBXNativeTarget "MoviesTests" */ = {
			isa = XCConfigurationList;
			buildConfigurations = (
				5B1932C42108CAC100B505AF /* Debug */,
				5B1932C52108CAC100B505AF /* Release */,
			);
			defaultConfigurationIsVisible = 0;
			defaultConfigurationName = Release;
		};
		5B1932C62108CAC100B505AF /* Build configuration list for PBXNativeTarget "MoviesUITests" */ = {
			isa = XCConfigurationList;
			buildConfigurations = (
				5B1932C72108CAC100B505AF /* Debug */,
				5B1932C82108CAC100B505AF /* Release */,
			);
			defaultConfigurationIsVisible = 0;
			defaultConfigurationName = Release;
		};
/* End XCConfigurationList section */
	};
	rootObject = 5B1932902108CABE00B505AF /* Project object */;
}
